<Solution>
  <Folder Name="/src/">
    <Project Path="src/KoreForge.Monitoring.AspNetCore/KoreForge.Monitoring.AspNetCore.csproj" />
    <Project Path="src/KoreForge.Monitoring.Contracts/KoreForge.Monitoring.Contracts.csproj" />
    <Project Path="src/KoreForge.Monitoring.Registry/KoreForge.Monitoring.Registry.csproj" />
  </Folder>
  <Folder Name="/apps/MonitoringRegistry/src/">
    <Project Path="apps/MonitoringRegistry/src/MonitoringRegistry/MonitoringRegistry.csproj" />
  </Folder>
  <Folder Name="/apps/MonitoringRegistry/tests/">
    <Project Path="apps/MonitoringRegistry/tests/MonitoringRegistry.Tests/MonitoringRegistry.Tests.csproj" />
  </Folder>
  <Folder Name="/tests/">
    <Project Path="tests/KoreForge.Monitoring.AspNetCore.Tests/KoreForge.Monitoring.AspNetCore.Tests.csproj" />
    <Project Path="tests/KoreForge.Monitoring.Contracts.Tests/KoreForge.Monitoring.Contracts.Tests.csproj" />
    <Project Path="tests/KoreForge.Monitoring.Registry.Tests/KoreForge.Monitoring.Registry.Tests.csproj" />
  </Folder>
</Solution>
